
Microsoft Visual Studio Solution File, Format Version 12.00
# Visual Studio 15
VisualStudioVersion = 15.0.27130.2027
MinimumVisualStudioVersion = 10.0.40219.1
Project("{2150E333-8FDC-42A3-9474-1A3956D46DE8}") = "src", "src", "{2408EC7B-2E06-46A5-B6AC-D4E985E30CBB}"
EndProject
Project("{2150E333-8FDC-42A3-9474-1A3956D46DE8}") = "Solution Items", "Solution Items", "{DFF21B2A-7F52-448D-8867-D1C4EEAF73A7}"
EndProject
Project("{2150E333-8FDC-42A3-9474-1A3956D46DE8}") = "Clients", "Clients", "{BABF1C97-CB5C-4AC5-81C6-6A81B0D45E27}"
EndProject
Project("{9A19103F-16F7-4668-BE54-9A1E7A4F7556}") = "IdentityServerWithAspIdAndEF", "src\IdentityServerWithAspIdAndEF\IdentityServerWithAspIdAndEF.csproj", "{1ECB5581-FFA5-4C11-A491-C85ABD962033}"
EndProject
Project("{9A19103F-16F7-4668-BE54-9A1E7A4F7556}") = "ContosoUniversity.API", "src\ContosoUniversity.API\ContosoUniversity.API.csproj", "{8B7DB596-286E-4BF1-9526-21DDB1FD951B}"
EndProject
Project("{9A19103F-16F7-4668-BE54-9A1E7A4F7556}") = "ContosoUniversity.Data", "src\ContosoUniversity.Data\ContosoUniversity.Data.csproj", "{341D818C-ABB9-42B5-8852-B7CC54B1454F}"
EndProject
Project("{9A19103F-16F7-4668-BE54-9A1E7A4F7556}") = "ContosoUniversity.Model", "src\ContosoUniversity.Model\ContosoUniversity.Model.csproj", "{27745F30-78D9-4344-8E66-3D0B47A98415}"
EndProject
Project("{9A19103F-16F7-4668-BE54-9A1E7A4F7556}") = "MvcClientB", "src\MvcClientB\MvcClientB\MvcClientB.csproj", "{66725C89-5A9C-48C7-B695-899D9656225F}"
EndProject
Global
	GlobalSection(SolutionConfigurationPlatforms) = preSolution
		Debug|Any CPU = Debug|Any CPU
		Release|Any CPU = Release|Any CPU
	EndGlobalSection
	GlobalSection(ProjectConfigurationPlatforms) = postSolution
		{1ECB5581-FFA5-4C11-A491-C85ABD962033}.Debug|Any CPU.ActiveCfg = Debug|Any CPU
		{1ECB5581-FFA5-4C11-A491-C85ABD962033}.Debug|Any CPU.Build.0 = Debug|Any CPU
		{1ECB5581-FFA5-4C11-A491-C85ABD962033}.Release|Any CPU.ActiveCfg = Release|Any CPU
		{1ECB5581-FFA5-4C11-A491-C85ABD962033}.Release|Any CPU.Build.0 = Release|Any CPU
		{8B7DB596-286E-4BF1-9526-21DDB1FD951B}.Debug|Any CPU.ActiveCfg = Debug|Any CPU
		{8B7DB596-286E-4BF1-9526-21DDB1FD951B}.Debug|Any CPU.Build.0 = Debug|Any CPU
		{8B7DB596-286E-4BF1-9526-21DDB1FD951B}.Release|Any CPU.ActiveCfg = Release|Any CPU
		{8B7DB596-286E-4BF1-9526-21DDB1FD951B}.Release|Any CPU.Build.0 = Release|Any CPU
		{341D818C-ABB9-42B5-8852-B7CC54B1454F}.Debug|Any CPU.ActiveCfg = Debug|Any CPU
		{341D818C-ABB9-42B5-8852-B7CC54B1454F}.Debug|Any CPU.Build.0 = Debug|Any CPU
		{341D818C-ABB9-42B5-8852-B7CC54B1454F}.Release|Any CPU.ActiveCfg = Release|Any CPU
		{341D818C-ABB9-42B5-8852-B7CC54B1454F}.Release|Any CPU.Build.0 = Release|Any CPU
		{27745F30-78D9-4344-8E66-3D0B47A98415}.Debug|Any CPU.ActiveCfg = Debug|Any CPU
		{27745F30-78D9-4344-8E66-3D0B47A98415}.Debug|Any CPU.Build.0 = Debug|Any CPU
		{27745F30-78D9-4344-8E66-3D0B47A98415}.Release|Any CPU.ActiveCfg = Release|Any CPU
		{27745F30-78D9-4344-8E66-3D0B47A98415}.Release|Any CPU.Build.0 = Release|Any CPU
		{66725C89-5A9C-48C7-B695-899D9656225F}.Debug|Any CPU.ActiveCfg = Debug|Any CPU
		{66725C89-5A9C-48C7-B695-899D9656225F}.Debug|Any CPU.Build.0 = Debug|Any CPU
		{66725C89-5A9C-48C7-B695-899D9656225F}.Release|Any CPU.ActiveCfg = Release|Any CPU
		{66725C89-5A9C-48C7-B695-899D9656225F}.Release|Any CPU.Build.0 = Release|Any CPU
	EndGlobalSection
	GlobalSection(SolutionProperties) = preSolution
		HideSolutionNode = FALSE
	EndGlobalSection
	GlobalSection(NestedProjects) = preSolution
		{BABF1C97-CB5C-4AC5-81C6-6A81B0D45E27} = {2408EC7B-2E06-46A5-B6AC-D4E985E30CBB}
		{1ECB5581-FFA5-4C11-A491-C85ABD962033} = {2408EC7B-2E06-46A5-B6AC-D4E985E30CBB}
		{8B7DB596-286E-4BF1-9526-21DDB1FD951B} = {2408EC7B-2E06-46A5-B6AC-D4E985E30CBB}
		{341D818C-ABB9-42B5-8852-B7CC54B1454F} = {2408EC7B-2E06-46A5-B6AC-D4E985E30CBB}
		{27745F30-78D9-4344-8E66-3D0B47A98415} = {2408EC7B-2E06-46A5-B6AC-D4E985E30CBB}
		{66725C89-5A9C-48C7-B695-899D9656225F} = {BABF1C97-CB5C-4AC5-81C6-6A81B0D45E27}
	EndGlobalSection
	GlobalSection(ExtensibilityGlobals) = postSolution
		SolutionGuid = {DA180829-4EA8-4C3B-BCF1-0379C9588BE6}
	EndGlobalSection
EndGlobal
