
Microsoft Visual Studio Solution File, Format Version 12.00
# Visual Studio 15
VisualStudioVersion = 15.0.27130.2027
MinimumVisualStudioVersion = 10.0.40219.1
Project("{FAE04EC0-301F-11D3-BF4B-00C04F79EFBC}") = "MvcClientB", "MvcClientB\MvcClientB.csproj", "{064DB7B0-90EB-4E59-9F1D-BC39292D7C9D}"
EndProject
Global
	GlobalSection(SolutionConfigurationPlatforms) = preSolution
		Debug|Any CPU = Debug|Any CPU
		Release|Any CPU = Release|Any CPU
	EndGlobalSection
	GlobalSection(ProjectConfigurationPlatforms) = postSolution
		{064DB7B0-90EB-4E59-9F1D-BC39292D7C9D}.Debug|Any CPU.ActiveCfg = Debug|Any CPU
		{064DB7B0-90EB-4E59-9F1D-BC39292D7C9D}.Debug|Any CPU.Build.0 = Debug|Any CPU
		{064DB7B0-90EB-4E59-9F1D-BC39292D7C9D}.Release|Any CPU.ActiveCfg = Release|Any CPU
		{064DB7B0-90EB-4E59-9F1D-BC39292D7C9D}.Release|Any CPU.Build.0 = Release|Any CPU
	EndGlobalSection
	GlobalSection(SolutionProperties) = preSolution
		HideSolutionNode = FALSE
	EndGlobalSection
	GlobalSection(ExtensibilityGlobals) = postSolution
		SolutionGuid = {CF329C06-7B3A-47B6-9A0B-67AEF95DF126}
	EndGlobalSection
EndGlobal
